// !$*UTF8*$!
{
	archiveVersion = 1;
	classes = {
	};
	objectVersion = 51;
	objects = {

/* Begin PBXBuildFile section */
		37DD1B29B1B00F484AED760B /* Pods_PokerTables.framework in Frameworks */ = {isa = PBXBuildFile; fileRef = 05173970A013D4D4B5686CA8 /* Pods_PokerTables.framework */; };
		D01E743222F727270041ED94 /* AppDelegate.swift in Sources */ = {isa = PBXBuildFile; fileRef = D01E743122F727270041ED94 /* AppDelegate.swift */; };
		D01E743422F727270041ED94 /* ViewController.swift in Sources */ = {isa = PBXBuildFile; fileRef = D01E743322F727270041ED94 /* ViewController.swift */; };
		D01E743722F727270041ED94 /* Main.storyboard in Resources */ = {isa = PBXBuildFile; fileRef = D01E743522F727270041ED94 /* Main.storyboard */; };
		D01E743A22F727270041ED94 /* PokerTables.xcdatamodeld in Sources */ = {isa = PBXBuildFile; fileRef = D01E743822F727270041ED94 /* PokerTables.xcdatamodeld */; };
		D01E743C22F727280041ED94 /* Assets.xcassets in Resources */ = {isa = PBXBuildFile; fileRef = D01E743B22F727280041ED94 /* Assets.xcassets */; };
		D01E743F22F727280041ED94 /* LaunchScreen.storyboard in Resources */ = {isa = PBXBuildFile; fileRef = D01E743D22F727280041ED94 /* LaunchScreen.storyboard */; };
		D038670922F93445007F290B /* ThreeTable.swift in Sources */ = {isa = PBXBuildFile; fileRef = D038670822F93445007F290B /* ThreeTable.swift */; };
		D04477FA2314875900A44EF5 /* logo.png in Resources */ = {isa = PBXBuildFile; fileRef = D04477F92314875900A44EF5 /* logo.png */; };
		D05F64BE230882D600ED00DF /* GoogleService-Info.plist in Resources */ = {isa = PBXBuildFile; fileRef = D05F64BD230882D600ED00DF /* GoogleService-Info.plist */; };
		D064C9CB2301C6A6007E79CB /* Help.swift in Sources */ = {isa = PBXBuildFile; fileRef = D064C9CA2301C6A6007E79CB /* Help.swift */; };
		D0898BCC22FF46F100F26629 /* homebig.png in Resources */ = {isa = PBXBuildFile; fileRef = D0898BCB22FF46F100F26629 /* homebig.png */; };
		D0898BD222FF472500F26629 /* purple.png in Resources */ = {isa = PBXBuildFile; fileRef = D0898BCD22FF472500F26629 /* purple.png */; };
		D0898BD322FF472500F26629 /* home.png in Resources */ = {isa = PBXBuildFile; fileRef = D0898BCE22FF472500F26629 /* home.png */; };
		D0898BD422FF472500F26629 /* yellow.png in Resources */ = {isa = PBXBuildFile; fileRef = D0898BCF22FF472500F26629 /* yellow.png */; };
		D0898BD522FF472500F26629 /* green.png in Resources */ = {isa = PBXBuildFile; fileRef = D0898BD022FF472500F26629 /* green.png */; };
		D0898BD622FF472500F26629 /* red.png in Resources */ = {isa = PBXBuildFile; fileRef = D0898BD122FF472500F26629 /* red.png */; };
		D0A1E97A22F896A600C445B8 /* TwoTable.swift in Sources */ = {isa = PBXBuildFile; fileRef = D0A1E97922F896A500C445B8 /* TwoTable.swift */; };
		D0BFC5622300DB6600741012 /* FourTable.swift in Sources */ = {isa = PBXBuildFile; fileRef = D0BFC5612300DB6600741012 /* FourTable.swift */; };
		D0C4856B2301C556005EEDD6 /* info.png in Resources */ = {isa = PBXBuildFile; fileRef = D0C4856A2301C556005EEDD6 /* info.png */; };
		D0E4DFEF22FA8A5000524C12 /* Selector.swift in Sources */ = {isa = PBXBuildFile; fileRef = D0E4DFEE22FA8A5000524C12 /* Selector.swift */; };
		D0E4DFF122FA8BC500524C12 /* launch.JPG in Resources */ = {isa = PBXBuildFile; fileRef = D0E4DFF022FA8BC500524C12 /* launch.JPG */; };
/* End PBXBuildFile section */

/* Begin PBXFileReference section */
		05173970A013D4D4B5686CA8 /* Pods_PokerTables.framework */ = {isa = PBXFileReference; explicitFileType = wrapper.framework; includeInIndex = 0; path = Pods_PokerTables.framework; sourceTree = BUILT_PRODUCTS_DIR; };
		90CEFCD74989E5126613EDB3 /* Pods-PokerTables.debug.xcconfig */ = {isa = PBXFileReference; includeInIndex = 1; lastKnownFileType = text.xcconfig; name = "Pods-PokerTables.debug.xcconfig"; path = "Target Support Files/Pods-PokerTables/Pods-PokerTables.debug.xcconfig"; sourceTree = "<group>"; };
		D01E742E22F727270041ED94 /* PokerTables.app */ = {isa = PBXFileReference; explicitFileType = wrapper.application; includeInIndex = 0; path = PokerTables.app; sourceTree = BUILT_PRODUCTS_DIR; };
		D01E743122F727270041ED94 /* AppDelegate.swift */ = {isa = PBXFileReference; lastKnownFileType = sourcecode.swift; path = AppDelegate.swift; sourceTree = "<group>"; };
		D01E743322F727270041ED94 /* ViewController.swift */ = {isa = PBXFileReference; lastKnownFileType = sourcecode.swift; path = ViewController.swift; sourceTree = "<group>"; };
		D01E743622F727270041ED94 /* Base */ = {isa = PBXFileReference; lastKnownFileType = file.storyboard; name = Base; path = Base.lproj/Main.storyboard; sourceTree = "<group>"; };
		D01E743922F727270041ED94 /* PokerTables.xcdatamodel */ = {isa = PBXFileReference; lastKnownFileType = wrapper.xcdatamodel; path = PokerTables.xcdatamodel; sourceTree = "<group>"; };
		D01E743B22F727280041ED94 /* Assets.xcassets */ = {isa = PBXFileReference; lastKnownFileType = folder.assetcatalog; path = Assets.xcassets; sourceTree = "<group>"; };
		D01E743E22F727280041ED94 /* Base */ = {isa = PBXFileReference; lastKnownFileType = file.storyboard; name = Base; path = Base.lproj/LaunchScreen.storyboard; sourceTree = "<group>"; };
		D01E744022F727280041ED94 /* Info.plist */ = {isa = PBXFileReference; lastKnownFileType = text.plist.xml; path = Info.plist; sourceTree = "<group>"; };
		D01E744722F7414B0041ED94 /* MYRIADAS.TTF */ = {isa = PBXFileReference; lastKnownFileType = file; name = MYRIADAS.TTF; path = "../../../../../Downloads/Myriad-Apple-Bold/MYRIADAS.TTF"; sourceTree = "<group>"; };
		D038670822F93445007F290B /* ThreeTable.swift */ = {isa = PBXFileReference; lastKnownFileType = sourcecode.swift; path = ThreeTable.swift; sourceTree = "<group>"; };
		D04477F92314875900A44EF5 /* logo.png */ = {isa = PBXFileReference; lastKnownFileType = image.png; path = logo.png; sourceTree = "<group>"; };
		D05F64BD230882D600ED00DF /* GoogleService-Info.plist */ = {isa = PBXFileReference; fileEncoding = 4; lastKnownFileType = text.plist.xml; path = "GoogleService-Info.plist"; sourceTree = "<group>"; };
		D064C9CA2301C6A6007E79CB /* Help.swift */ = {isa = PBXFileReference; lastKnownFileType = sourcecode.swift; path = Help.swift; sourceTree = "<group>"; };
		D0898BCB22FF46F100F26629 /* homebig.png */ = {isa = PBXFileReference; lastKnownFileType = image.png; name = homebig.png; path = Assets.xcassets/homebig.png; sourceTree = "<group>"; };
		D0898BCD22FF472500F26629 /* purple.png */ = {isa = PBXFileReference; lastKnownFileType = image.png; name = purple.png; path = Assets.xcassets/purple.png; sourceTree = "<group>"; };
		D0898BCE22FF472500F26629 /* home.png */ = {isa = PBXFileReference; lastKnownFileType = image.png; name = home.png; path = Assets.xcassets/home.png; sourceTree = "<group>"; };
		D0898BCF22FF472500F26629 /* yellow.png */ = {isa = PBXFileReference; lastKnownFileType = image.png; name = yellow.png; path = Assets.xcassets/yellow.png; sourceTree = "<group>"; };
		D0898BD022FF472500F26629 /* green.png */ = {isa = PBXFileReference; lastKnownFileType = image.png; name = green.png; path = Assets.xcassets/green.png; sourceTree = "<group>"; };
		D0898BD122FF472500F26629 /* red.png */ = {isa = PBXFileReference; lastKnownFileType = image.png; name = red.png; path = Assets.xcassets/red.png; sourceTree = "<group>"; };
		D0A1E97922F896A500C445B8 /* TwoTable.swift */ = {isa = PBXFileReference; lastKnownFileType = sourcecode.swift; name = TwoTable.swift; path = /Users/justin/Documents/XCode/PokerTables/PokerTables/TwoTable.swift; sourceTree = "<absolute>"; };
		D0BFC5612300DB6600741012 /* FourTable.swift */ = {isa = PBXFileReference; lastKnownFileType = sourcecode.swift; path = FourTable.swift; sourceTree = "<group>"; };
		D0C4856A2301C556005EEDD6 /* info.png */ = {isa = PBXFileReference; lastKnownFileType = image.png; path = info.png; sourceTree = "<group>"; };
		D0E4DFEE22FA8A5000524C12 /* Selector.swift */ = {isa = PBXFileReference; lastKnownFileType = sourcecode.swift; path = Selector.swift; sourceTree = "<group>"; };
		D0E4DFF022FA8BC500524C12 /* launch.JPG */ = {isa = PBXFileReference; lastKnownFileType = image.jpeg; name = launch.JPG; path = ../../../../Downloads/launch.JPG; sourceTree = "<group>"; };
		D9F791EF521544153DA281AE /* Pods-PokerTables.release.xcconfig */ = {isa = PBXFileReference; includeInIndex = 1; lastKnownFileType = text.xcconfig; name = "Pods-PokerTables.release.xcconfig"; path = "Target Support Files/Pods-PokerTables/Pods-PokerTables.release.xcconfig"; sourceTree = "<group>"; };
/* End PBXFileReference section */

/* Begin PBXFrameworksBuildPhase section */
		D01E742B22F727270041ED94 /* Frameworks */ = {
			isa = PBXFrameworksBuildPhase;
			buildActionMask = 2147483647;
			files = (
				37DD1B29B1B00F484AED760B /* Pods_PokerTables.framework in Frameworks */,
			);
			runOnlyForDeploymentPostprocessing = 0;
		};
/* End PBXFrameworksBuildPhase section */

/* Begin PBXGroup section */
		6CA3B74E9CEBC5F66F052C16 /* Pods */ = {
			isa = PBXGroup;
			children = (
				90CEFCD74989E5126613EDB3 /* Pods-PokerTables.debug.xcconfig */,
				D9F791EF521544153DA281AE /* Pods-PokerTables.release.xcconfig */,
			);
			path = Pods;
			sourceTree = "<group>";
		};
		88101BC18B78000339185A88 /* Frameworks */ = {
			isa = PBXGroup;
			children = (
				05173970A013D4D4B5686CA8 /* Pods_PokerTables.framework */,
			);
			name = Frameworks;
			sourceTree = "<group>";
		};
		D01E742522F727270041ED94 = {
			isa = PBXGroup;
			children = (
				D01E743022F727270041ED94 /* PokerTables */,
				D01E742F22F727270041ED94 /* Products */,
				6CA3B74E9CEBC5F66F052C16 /* Pods */,
				88101BC18B78000339185A88 /* Frameworks */,
			);
			sourceTree = "<group>";
		};
		D01E742F22F727270041ED94 /* Products */ = {
			isa = PBXGroup;
			children = (
				D01E742E22F727270041ED94 /* PokerTables.app */,
			);
			name = Products;
			sourceTree = "<group>";
		};
		D01E743022F727270041ED94 /* PokerTables */ = {
			isa = PBXGroup;
			children = (
				D01E743122F727270041ED94 /* AppDelegate.swift */,
				D01E743322F727270041ED94 /* ViewController.swift */,
				D0A1E97922F896A500C445B8 /* TwoTable.swift */,
				D038670822F93445007F290B /* ThreeTable.swift */,
				D01E743522F727270041ED94 /* Main.storyboard */,
				D064C9CA2301C6A6007E79CB /* Help.swift */,
				D0BFC5612300DB6600741012 /* FourTable.swift */,
				D0E4DFEE22FA8A5000524C12 /* Selector.swift */,
				D0898BCB22FF46F100F26629 /* homebig.png */,
				D0898BD022FF472500F26629 /* green.png */,
				D0898BCE22FF472500F26629 /* home.png */,
				D0898BCD22FF472500F26629 /* purple.png */,
				D0898BD122FF472500F26629 /* red.png */,
				D0898BCF22FF472500F26629 /* yellow.png */,
				D01E743B22F727280041ED94 /* Assets.xcassets */,
				D01E743D22F727280041ED94 /* LaunchScreen.storyboard */,
				D04477F92314875900A44EF5 /* logo.png */,
				D01E744022F727280041ED94 /* Info.plist */,
				D05F64BD230882D600ED00DF /* GoogleService-Info.plist */,
				D01E743822F727270041ED94 /* PokerTables.xcdatamodeld */,
				D0E4DFF022FA8BC500524C12 /* launch.JPG */,
				D0C4856A2301C556005EEDD6 /* info.png */,
				D01E744622F7412F0041ED94 /* FONTS */,
			);
			path = PokerTables;
			sourceTree = "<group>";
		};
		D01E744622F7412F0041ED94 /* FONTS */ = {
			isa = PBXGroup;
			children = (
				D01E744722F7414B0041ED94 /* MYRIADAS.TTF */,
			);
			path = FONTS;
			sourceTree = "<group>";
		};
/* End PBXGroup section */

/* Begin PBXNativeTarget section */
		D01E742D22F727270041ED94 /* PokerTables */ = {
			isa = PBXNativeTarget;
			buildConfigurationList = D01E744322F727280041ED94 /* Build configuration list for PBXNativeTarget "PokerTables" */;
			buildPhases = (
				77DFE7E2C13B24BF2EA87343 /* [CP] Check Pods Manifest.lock */,
				D01E742A22F727270041ED94 /* Sources */,
				D01E742B22F727270041ED94 /* Frameworks */,
				D01E742C22F727270041ED94 /* Resources */,
				14DE839A788D829F8676697C /* [CP] Embed Pods Frameworks */,
			);
			buildRules = (
			);
			dependencies = (
			);
			name = PokerTables;
			productName = PokerTables;
			productReference = D01E742E22F727270041ED94 /* PokerTables.app */;
			productType = "com.apple.product-type.application";
		};
/* End PBXNativeTarget section */

/* Begin PBXProject section */
		D01E742622F727270041ED94 /* Project object */ = {
			isa = PBXProject;
			attributes = {
				LastSwiftUpdateCheck = 1030;
				LastUpgradeCheck = 1030;
				ORGANIZATIONNAME = "Justin Gluska";
				TargetAttributes = {
					D01E742D22F727270041ED94 = {
						CreatedOnToolsVersion = 10.3;
					};
				};
			};
			buildConfigurationList = D01E742922F727270041ED94 /* Build configuration list for PBXProject "PokerTables" */;
			compatibilityVersion = "Xcode 9.3";
			developmentRegion = en;
			hasScannedForEncodings = 0;
			knownRegions = (
				en,
				Base,
			);
			mainGroup = D01E742522F727270041ED94;
			productRefGroup = D01E742F22F727270041ED94 /* Products */;
			projectDirPath = "";
			projectRoot = "";
			targets = (
				D01E742D22F727270041ED94 /* PokerTables */,
			);
		};
/* End PBXProject section */

/* Begin PBXResourcesBuildPhase section */
		D01E742C22F727270041ED94 /* Resources */ = {
			isa = PBXResourcesBuildPhase;
			buildActionMask = 2147483647;
			files = (
				D01E743F22F727280041ED94 /* LaunchScreen.storyboard in Resources */,
				D0898BD522FF472500F26629 /* green.png in Resources */,
				D0898BD322FF472500F26629 /* home.png in Resources */,
				D0898BCC22FF46F100F26629 /* homebig.png in Resources */,
				D04477FA2314875900A44EF5 /* logo.png in Resources */,
				D0E4DFF122FA8BC500524C12 /* launch.JPG in Resources */,
				D0898BD222FF472500F26629 /* purple.png in Resources */,
				D0898BD422FF472500F26629 /* yellow.png in Resources */,
				D0898BD622FF472500F26629 /* red.png in Resources */,
				D01E743C22F727280041ED94 /* Assets.xcassets in Resources */,
				D0C4856B2301C556005EEDD6 /* info.png in Resources */,
				D01E743722F727270041ED94 /* Main.storyboard in Resources */,
				D05F64BE230882D600ED00DF /* GoogleService-Info.plist in Resources */,
			);
			runOnlyForDeploymentPostprocessing = 0;
		};
/* End PBXResourcesBuildPhase section */

/* Begin PBXShellScriptBuildPhase section */
		14DE839A788D829F8676697C /* [CP] Embed Pods Frameworks */ = {
			isa = PBXShellScriptBuildPhase;
			buildActionMask = 2147483647;
			files = (
			);
			inputFileListPaths = (
				"${PODS_ROOT}/Target Support Files/Pods-PokerTables/Pods-PokerTables-frameworks-${CONFIGURATION}-input-files.xcfilelist",
			);
			name = "[CP] Embed Pods Frameworks";
			outputFileListPaths = (
				"${PODS_ROOT}/Target Support Files/Pods-PokerTables/Pods-PokerTables-frameworks-${CONFIGURATION}-output-files.xcfilelist",
			);
			runOnlyForDeploymentPostprocessing = 0;
			shellPath = /bin/sh;
			shellScript = "\"${PODS_ROOT}/Target Support Files/Pods-PokerTables/Pods-PokerTables-frameworks.sh\"\n";
			showEnvVarsInLog = 0;
		};
		77DFE7E2C13B24BF2EA87343 /* [CP] Check Pods Manifest.lock */ = {
			isa = PBXShellScriptBuildPhase;
			buildActionMask = 2147483647;
			files = (
			);
			inputFileListPaths = (
			);
			inputPaths = (
				"${PODS_PODFILE_DIR_PATH}/Podfile.lock",
				"${PODS_ROOT}/Manifest.lock",
			);
			name = "[CP] Check Pods Manifest.lock";
			outputFileListPaths = (
			);
			outputPaths = (
				"$(DERIVED_FILE_DIR)/Pods-PokerTables-checkManifestLockResult.txt",
			);
			runOnlyForDeploymentPostprocessing = 0;
			shellPath = /bin/sh;
			shellScript = "diff \"${PODS_PODFILE_DIR_PATH}/Podfile.lock\" \"${PODS_ROOT}/Manifest.lock\" > /dev/null\nif [ $? != 0 ] ; then\n    # print error to STDERR\n    echo \"error: The sandbox is not in sync with the Podfile.lock. Run 'pod install' or update your CocoaPods installation.\" >&2\n    exit 1\nfi\n# This output is used by Xcode 'outputs' to avoid re-running this script phase.\necho \"SUCCESS\" > \"${SCRIPT_OUTPUT_FILE_0}\"\n";
			showEnvVarsInLog = 0;
		};
/* End PBXShellScriptBuildPhase section */

/* Begin PBXSourcesBuildPhase section */
		D01E742A22F727270041ED94 /* Sources */ = {
			isa = PBXSourcesBuildPhase;
			buildActionMask = 2147483647;
			files = (
				D01E743A22F727270041ED94 /* PokerTables.xcdatamodeld in Sources */,
				D0A1E97A22F896A600C445B8 /* TwoTable.swift in Sources */,
				D064C9CB2301C6A6007E79CB /* Help.swift in Sources */,
				D01E743422F727270041ED94 /* ViewController.swift in Sources */,
				D038670922F93445007F290B /* ThreeTable.swift in Sources */,
				D01E743222F727270041ED94 /* AppDelegate.swift in Sources */,
				D0BFC5622300DB6600741012 /* FourTable.swift in Sources */,
				D0E4DFEF22FA8A5000524C12 /* Selector.swift in Sources */,
			);
			runOnlyForDeploymentPostprocessing = 0;
		};
/* End PBXSourcesBuildPhase section */

/* Begin PBXVariantGroup section */
		D01E743522F727270041ED94 /* Main.storyboard */ = {
			isa = PBXVariantGroup;
			children = (
				D01E743622F727270041ED94 /* Base */,
			);
			name = Main.storyboard;
			sourceTree = "<group>";
		};
		D01E743D22F727280041ED94 /* LaunchScreen.storyboard */ = {
			isa = PBXVariantGroup;
			children = (
				D01E743E22F727280041ED94 /* Base */,
			);
			name = LaunchScreen.storyboard;
			sourceTree = "<group>";
		};
/* End PBXVariantGroup section */

/* Begin XCBuildConfiguration section */
		D01E744122F727280041ED94 /* Debug */ = {
			isa = XCBuildConfiguration;
			buildSettings = {
				ALWAYS_SEARCH_USER_PATHS = NO;
				CLANG_ANALYZER_NONNULL = YES;
				CLANG_ANALYZER_NUMBER_OBJECT_CONVERSION = YES_AGGRESSIVE;
				CLANG_CXX_LANGUAGE_STANDARD = "gnu++14";
				CLANG_CXX_LIBRARY = "libc++";
				CLANG_ENABLE_MODULES = YES;
				CLANG_ENABLE_OBJC_ARC = YES;
				CLANG_ENABLE_OBJC_WEAK = YES;
				CLANG_WARN_BLOCK_CAPTURE_AUTORELEASING = YES;
				CLANG_WARN_BOOL_CONVERSION = YES;
				CLANG_WARN_COMMA = YES;
				CLANG_WARN_CONSTANT_CONVERSION = YES;
				CLANG_WARN_DEPRECATED_OBJC_IMPLEMENTATIONS = YES;
				CLANG_WARN_DIRECT_OBJC_ISA_USAGE = YES_ERROR;
				CLANG_WARN_DOCUMENTATION_COMMENTS = YES;
				CLANG_WARN_EMPTY_BODY = YES;
				CLANG_WARN_ENUM_CONVERSION = YES;
				CLANG_WARN_INFINITE_RECURSION = YES;
				CLANG_WARN_INT_CONVERSION = YES;
				CLANG_WARN_NON_LITERAL_NULL_CONVERSION = YES;
				CLANG_WARN_OBJC_IMPLICIT_RETAIN_SELF = YES;
				CLANG_WARN_OBJC_LITERAL_CONVERSION = YES;
				CLANG_WARN_OBJC_ROOT_CLASS = YES_ERROR;
				CLANG_WARN_RANGE_LOOP_ANALYSIS = YES;
				CLANG_WARN_STRICT_PROTOTYPES = YES;
				CLANG_WARN_SUSPICIOUS_MOVE = YES;
				CLANG_WARN_UNGUARDED_AVAILABILITY = YES_AGGRESSIVE;
				CLANG_WARN_UNREACHABLE_CODE = YES;
				CLANG_WARN__DUPLICATE_METHOD_MATCH = YES;
				CODE_SIGN_IDENTITY = "iPhone Developer";
				COPY_PHASE_STRIP = NO;
				DEBUG_INFORMATION_FORMAT = dwarf;
				ENABLE_STRICT_OBJC_MSGSEND = YES;
				ENABLE_TESTABILITY = YES;
				GCC_C_LANGUAGE_STANDARD = gnu11;
				GCC_DYNAMIC_NO_PIC = NO;
				GCC_NO_COMMON_BLOCKS = YES;
				GCC_OPTIMIZATION_LEVEL = 0;
				GCC_PREPROCESSOR_DEFINITIONS = (
					"DEBUG=1",
					"$(inherited)",
				);
				GCC_WARN_64_TO_32_BIT_CONVERSION = YES;
				GCC_WARN_ABOUT_RETURN_TYPE = YES_ERROR;
				GCC_WARN_UNDECLARED_SELECTOR = YES;
				GCC_WARN_UNINITIALIZED_AUTOS = YES_AGGRESSIVE;
				GCC_WARN_UNUSED_FUNCTION = YES;
				GCC_WARN_UNUSED_VARIABLE = YES;
				IPHONEOS_DEPLOYMENT_TARGET = 12.4;
				MTL_ENABLE_DEBUG_INFO = INCLUDE_SOURCE;
				MTL_FAST_MATH = YES;
				ONLY_ACTIVE_ARCH = YES;
				SDKROOT = iphoneos;
				SWIFT_ACTIVE_COMPILATION_CONDITIONS = DEBUG;
				SWIFT_OPTIMIZATION_LEVEL = "-Onone";
			};
			name = Debug;
		};
		D01E744222F727280041ED94 /* Release */ = {
			isa = XCBuildConfiguration;
			buildSettings = {
				ALWAYS_SEARCH_USER_PATHS = NO;
				CLANG_ANALYZER_NONNULL = YES;
				CLANG_ANALYZER_NUMBER_OBJECT_CONVERSION = YES_AGGRESSIVE;
				CLANG_CXX_LANGUAGE_STANDARD = "gnu++14";
				CLANG_CXX_LIBRARY = "libc++";
				CLANG_ENABLE_MODULES = YES;
				CLANG_ENABLE_OBJC_ARC = YES;
				CLANG_ENABLE_OBJC_WEAK = YES;
				CLANG_WARN_BLOCK_CAPTURE_AUTORELEASING = YES;
				CLANG_WARN_BOOL_CONVERSION = YES;
				CLANG_WARN_COMMA = YES;
				CLANG_WARN_CONSTANT_CONVERSION = YES;
				CLANG_WARN_DEPRECATED_OBJC_IMPLEMENTATIONS = YES;
				CLANG_WARN_DIRECT_OBJC_ISA_USAGE = YES_ERROR;
				CLANG_WARN_DOCUMENTATION_COMMENTS = YES;
				CLANG_WARN_EMPTY_BODY = YES;
				CLANG_WARN_ENUM_CONVERSION = YES;
				CLANG_WARN_INFINITE_RECURSION = YES;
				CLANG_WARN_INT_CONVERSION = YES;
				CLANG_WARN_NON_LITERAL_NULL_CONVERSION = YES;
				CLANG_WARN_OBJC_IMPLICIT_RETAIN_SELF = YES;
				CLANG_WARN_OBJC_LITERAL_CONVERSION = YES;
				CLANG_WARN_OBJC_ROOT_CLASS = YES_ERROR;
				CLANG_WARN_RANGE_LOOP_ANALYSIS = YES;
				CLANG_WARN_STRICT_PROTOTYPES = YES;
				CLANG_WARN_SUSPICIOUS_MOVE = YES;
				CLANG_WARN_UNGUARDED_AVAILABILITY = YES_AGGRESSIVE;
				CLANG_WARN_UNREACHABLE_CODE = YES;
				CLANG_WARN__DUPLICATE_METHOD_MATCH = YES;
				CODE_SIGN_IDENTITY = "iPhone Developer";
				COPY_PHASE_STRIP = NO;
				DEBUG_INFORMATION_FORMAT = "dwarf-with-dsym";
				ENABLE_NS_ASSERTIONS = NO;
				ENABLE_STRICT_OBJC_MSGSEND = YES;
				GCC_C_LANGUAGE_STANDARD = gnu11;
				GCC_NO_COMMON_BLOCKS = YES;
				GCC_WARN_64_TO_32_BIT_CONVERSION = YES;
				GCC_WARN_ABOUT_RETURN_TYPE = YES_ERROR;
				GCC_WARN_UNDECLARED_SELECTOR = YES;
				GCC_WARN_UNINITIALIZED_AUTOS = YES_AGGRESSIVE;
				GCC_WARN_UNUSED_FUNCTION = YES;
				GCC_WARN_UNUSED_VARIABLE = YES;
				IPHONEOS_DEPLOYMENT_TARGET = 12.4;
				MTL_ENABLE_DEBUG_INFO = NO;
				MTL_FAST_MATH = YES;
				SDKROOT = iphoneos;
				SWIFT_COMPILATION_MODE = wholemodule;
				SWIFT_OPTIMIZATION_LEVEL = "-O";
				VALIDATE_PRODUCT = YES;
			};
			name = Release;
		};
		D01E744422F727280041ED94 /* Debug */ = {
			isa = XCBuildConfiguration;
			baseConfigurationReference = 90CEFCD74989E5126613EDB3 /* Pods-PokerTables.debug.xcconfig */;
			buildSettings = {
				ASSETCATALOG_COMPILER_APPICON_NAME = AppIcon;
				CODE_SIGN_STYLE = Automatic;
				DEVELOPMENT_TEAM = 52GURPQBA2;
				INFOPLIST_FILE = PokerTables/Info.plist;
				IPHONEOS_DEPLOYMENT_TARGET = 10;
				LD_RUNPATH_SEARCH_PATHS = (
					"$(inherited)",
					"@executable_path/Frameworks",
				);
				PRODUCT_BUNDLE_IDENTIFIER = com.justingluska.PokerTables;
				PRODUCT_NAME = "$(TARGET_NAME)";
				SWIFT_VERSION = 5.0;
				TARGETED_DEVICE_FAMILY = "1,2";
			};
			name = Debug;
		};
		D01E744522F727280041ED94 /* Release */ = {
			isa = XCBuildConfiguration;
			baseConfigurationReference = D9F791EF521544153DA281AE /* Pods-PokerTables.release.xcconfig */;
			buildSettings = {
				ASSETCATALOG_COMPILER_APPICON_NAME = AppIcon;
				CODE_SIGN_STYLE = Automatic;
				DEVELOPMENT_TEAM = 52GURPQBA2;
				INFOPLIST_FILE = PokerTables/Info.plist;
				IPHONEOS_DEPLOYMENT_TARGET = 10;
				LD_RUNPATH_SEARCH_PATHS = (
					"$(inherited)",
					"@executable_path/Frameworks",
				);
				PRODUCT_BUNDLE_IDENTIFIER = com.justingluska.PokerTables;
				PRODUCT_NAME = "$(TARGET_NAME)";
				SWIFT_VERSION = 5.0;
				TARGETED_DEVICE_FAMILY = "1,2";
			};
			name = Release;
		};
/* End XCBuildConfiguration section */

/* Begin XCConfigurationList section */
		D01E742922F727270041ED94 /* Build configuration list for PBXProject "PokerTables" */ = {
			isa = XCConfigurationList;
			buildConfigurations = (
				D01E744122F727280041ED94 /* Debug */,
				D01E744222F727280041ED94 /* Release */,
			);
			defaultConfigurationIsVisible = 0;
			defaultConfigurationName = Release;
		};
		D01E744322F727280041ED94 /* Build configuration list for PBXNativeTarget "PokerTables" */ = {
			isa = XCConfigurationList;
			buildConfigurations = (
				D01E744422F727280041ED94 /* Debug */,
				D01E744522F727280041ED94 /* Release */,
			);
			defaultConfigurationIsVisible = 0;
			defaultConfigurationName = Release;
		};
/* End XCConfigurationList section */

/* Begin XCVersionGroup section */
		D01E743822F727270041ED94 /* PokerTables.xcdatamodeld */ = {
			isa = XCVersionGroup;
			children = (
				D01E743922F727270041ED94 /* PokerTables.xcdatamodel */,
			);
			currentVersion = D01E743922F727270041ED94 /* PokerTables.xcdatamodel */;
			path = PokerTables.xcdatamodeld;
			sourceTree = "<group>";
			versionGroupType = wrapper.xcdatamodel;
		};
/* End XCVersionGroup section */
	};
	rootObject = D01E742622F727270041ED94 /* Project object */;
}
